# Generated by pub
# See https://dart.dev/tools/pub/glossary#lockfile
packages:
  _fe_analyzer_shared:
    dependency: transitive
    description:
      name: _fe_analyzer_shared
      sha256: d93b0378aadce9c1388108067946276582c2ae89426c64c17920c74988508fed
      url: "https://pub.dev"
    source: hosted
    version: "22.0.0"
  analyzer:
    dependency: transitive
    description:
      name: analyzer
      sha256: "581a0281129283e75d4d67d6ac6e391c0515cdce37eb6eb4bc8a52e65d2b16b6"
      url: "https://pub.dev"
    source: hosted
    version: "1.7.2"
  archive:
    dependency: transitive
    description:
      name: archive
      sha256: "781365ca8aedb3203cb99f2abed8a9e89d6aa358e8d038068acb81664e1ccdad"
      url: "https://pub.dev"
    source: hosted
    version: "3.1.8"
  args:
    dependency: transitive
    description:
      name: args
      sha256: "0bd9a99b6eb96f07af141f0eb53eace8983e8e5aa5de59777aca31684680ef22"
      url: "https://pub.dev"
    source: hosted
    version: "2.3.0"
  async:
    dependency: transitive
    description:
      name: async
      sha256: bfe67ef28df125b7dddcea62755991f807aa39a2492a23e1550161692950bbe0
      url: "https://pub.dev"
    source: hosted
    version: "2.10.0"
  auto_size_text:
    dependency: "direct main"
    description:
      name: auto_size_text
      sha256: "3f5261cd3fb5f2a9ab4e2fc3fba84fd9fcaac8821f20a1d4e71f557521b22599"
      url: "https://pub.dev"
    source: hosted
    version: "3.0.0"
  boolean_selector:
    dependency: transitive
    description:
      name: boolean_selector
      sha256: "6cfb5af12253eaf2b368f07bacc5a80d1301a071c73360d746b7f2e32d762c66"
      url: "https://pub.dev"
    source: hosted
    version: "2.1.1"
  build:
    dependency: transitive
    description:
      name: build
      sha256: "79752d67750874fe7eb6d509a7514237b66eabdb8f6c44295d50083a19d1008e"
      url: "https://pub.dev"
    source: hosted
    version: "2.1.1"
  build_config:
    dependency: transitive
    description:
      name: build_config
      sha256: ad77deb6e9c143a3f550fbb4c5c1e0c6aadabe24274898d06b9526c61b9cf4fb
      url: "https://pub.dev"
    source: hosted
    version: "1.0.0"
  build_daemon:
    dependency: transitive
    description:
      name: build_daemon
      sha256: "4e2dbfa914f99bca9c447ba5aaa572edf7335a71717944e4ab2e26ca079e7f79"
      url: "https://pub.dev"
    source: hosted
    version: "3.0.1"
  build_resolvers:
    dependency: transitive
    description:
      name: build_resolvers
      sha256: a171129ff393d360a5ec9ba3a2277e0d7e713027709f08196e8192688b537074
      url: "https://pub.dev"
    source: hosted
    version: "2.0.4"
  build_runner:
    dependency: "direct dev"
    description:
      name: build_runner
      sha256: "44c8946c2868cb320ee173f9fd127dd2a4c7c71eba2c71e159fa37e53d1bfce9"
      url: "https://pub.dev"
    source: hosted
    version: "2.1.5"
  build_runner_core:
    dependency: transitive
    description:
      name: build_runner_core
      sha256: "0db1b64c84fa803603fa406f8721959036e898cc9575d6ce4a3067581b9276c0"
      url: "https://pub.dev"
    source: hosted
    version: "7.2.2"
  built_collection:
    dependency: "direct main"
    description:
      name: built_collection
      sha256: "376e3dd27b51ea877c28d525560790aee2e6fbb5f20e2f85d5081027d94e2100"
      url: "https://pub.dev"
    source: hosted
    version: "5.1.1"
  built_value:
    dependency: "direct main"
    description:
      name: built_value
      sha256: "0ef2d0947df2804424d9f23e5349d210350dd3c7d39ab53845ecabb2db996f64"
      url: "https://pub.dev"
    source: hosted
    version: "8.1.3"
  built_value_generator:
    dependency: "direct dev"
    description:
      name: built_value_generator
      sha256: "94110f16f2c5cbff35e83646d232b6cfdb53d743d61d4279d66cbf4b7fb961fd"
      url: "https://pub.dev"
    source: hosted
    version: "8.1.1"
  cached_network_image:
    dependency: "direct main"
    description:
      name: cached_network_image
      sha256: d5e7f07c2644057cd57623f6779d0b1a46fac1432980e84eb2e536c128e92b5b
      url: "https://pub.dev"
    source: hosted
    version: "3.1.0+1"
  cached_network_image_platform_interface:
    dependency: transitive
    description:
      name: cached_network_image_platform_interface
      sha256: "8e2b5befefec5063bee8f209fda21751f6328d405d4237c70f21104568b2fee7"
      url: "https://pub.dev"
    source: hosted
    version: "1.0.0"
  cached_network_image_web:
    dependency: transitive
    description:
      name: cached_network_image_web
      sha256: d4351c7eb16767df129b0474a5ebc4e028870379c063e8ba265a56aa00831e70
      url: "https://pub.dev"
    source: hosted
    version: "1.0.1"
  characters:
    dependency: transitive
    description:
      name: characters
      sha256: e6a326c8af69605aec75ed6c187d06b349707a27fbff8222ca9cc2cff167975c
      url: "https://pub.dev"
    source: hosted
    version: "1.2.1"
  charcode:
    dependency: transitive
    description:
      name: charcode
      sha256: fb98c0f6d12c920a02ee2d998da788bca066ca5f148492b7085ee23372b12306
      url: "https://pub.dev"
    source: hosted
    version: "1.3.1"
  checked_yaml:
    dependency: transitive
    description:
      name: checked_yaml
      sha256: dd007e4fb8270916820a0d66e24f619266b60773cddd082c6439341645af2659
      url: "https://pub.dev"
    source: hosted
    version: "2.0.1"
  cli_util:
    dependency: transitive
    description:
      name: cli_util
      sha256: "66f86e916d285c1a93d3b79587d94bd71984a66aac4ff74e524cfa7877f1395c"
      url: "https://pub.dev"
    source: hosted
    version: "0.3.5"
  clock:
    dependency: transitive
    description:
      name: clock
      sha256: cb6d7f03e1de671e34607e909a7213e31d7752be4fb66a86d29fe1eb14bfb5cf
      url: "https://pub.dev"
    source: hosted
    version: "1.1.1"
  cloud_firestore:
    dependency: "direct main"
    description:
      name: cloud_firestore
      sha256: "7313ccae834ee8dd0b93ea367ba228b86212f5ca39d48c1e142dbbd377af5ed4"
      url: "https://pub.dev"
    source: hosted
    version: "2.5.4"
  cloud_firestore_platform_interface:
    dependency: transitive
    description:
      name: cloud_firestore_platform_interface
      sha256: "4be44bc94348df7b7d05e10c574dbb51dc8ba5cd84fd07236c05018df89ede96"
      url: "https://pub.dev"
    source: hosted
    version: "5.4.10"
  cloud_firestore_web:
    dependency: transitive
    description:
      name: cloud_firestore_web
      sha256: b32239f74becf7cbc3c3315fe9a7179a91a1921f124737b67acb475a76197d77
      url: "https://pub.dev"
    source: hosted
    version: "2.6.5"
  code_builder:
    dependency: transitive
    description:
      name: code_builder
      sha256: bdb1ab29be158c4784d7f9b7b693745a0719c5899e31c01112782bb1cb871e80
      url: "https://pub.dev"
    source: hosted
    version: "4.1.0"
  collection:
    dependency: transitive
    description:
      name: collection
      sha256: cfc915e6923fe5ce6e153b0723c753045de46de1b4d63771530504004a45fae0
      url: "https://pub.dev"
    source: hosted
    version: "1.17.0"
  convert:
    dependency: transitive
    description:
      name: convert
      sha256: f08428ad63615f96a27e34221c65e1a451439b5f26030f78d790f461c686d65d
      url: "https://pub.dev"
    source: hosted
    version: "3.0.1"
  cross_file:
    dependency: transitive
    description:
      name: cross_file
      sha256: "552ffd2f851d4314958e6265452af1891959e00cd32b6d17452c5b836e27a0fa"
      url: "https://pub.dev"
    source: hosted
    version: "0.3.2"
  crypto:
    dependency: transitive
    description:
      name: crypto
      sha256: cf75650c66c0316274e21d7c43d3dea246273af5955bd94e8184837cd577575c
      url: "https://pub.dev"
    source: hosted
    version: "3.0.1"
  cupertino_icons:
    dependency: "direct main"
    description:
      name: cupertino_icons
      sha256: "1989d917fbe8e6b39806207df5a3fdd3d816cbd090fac2ce26fb45e9a71476e5"
      url: "https://pub.dev"
    source: hosted
    version: "1.0.4"
  dart_style:
    dependency: transitive
    description:
      name: dart_style
      sha256: "7f5b48e6a448c4b46250a6113857a00eaa82821ef5a3d7f42e68eb69d1283fa3"
      url: "https://pub.dev"
    source: hosted
    version: "2.1.1"
  dash_chat:
    dependency: "direct main"
    description:
      name: dash_chat
      sha256: b6ba8f8d52245bca2de1e3c8db87d8a6a4a130815925272500dd8ecba5172903
      url: "https://pub.dev"
    source: hosted
    version: "1.1.16"
  fake_async:
    dependency: transitive
    description:
      name: fake_async
      sha256: "511392330127add0b769b75a987850d136345d9227c6b94c96a04cf4a391bf78"
      url: "https://pub.dev"
    source: hosted
    version: "1.3.1"
  ffi:
    dependency: transitive
    description:
      name: ffi
      sha256: "35d0f481d939de0d640b3db9a7aa36a52cd22054a798a73b4f50bdad5ce12678"
      url: "https://pub.dev"
    source: hosted
    version: "1.1.2"
  file:
    dependency: transitive
    description:
      name: file
      sha256: b69516f2c26a5bcac4eee2e32512e1a5205ab312b3536c1c1227b2b942b5f9ad
      url: "https://pub.dev"
    source: hosted
    version: "6.1.2"
  firebase_auth:
    dependency: "direct main"
    description:
      name: firebase_auth
      sha256: "8866058a217a1922a2c460dc3c8975345dd651acdf5165b61cb7a74d0ce4621e"
      url: "https://pub.dev"
    source: hosted
    version: "3.2.0"
  firebase_auth_platform_interface:
    dependency: transitive
    description:
      name: firebase_auth_platform_interface
      sha256: "475948203225459c1459be8fc045784e726b6b5abdb4083e6ffd7340334cd3a1"
      url: "https://pub.dev"
    source: hosted
    version: "6.1.9"
  firebase_auth_web:
    dependency: transitive
    description:
      name: firebase_auth_web
      sha256: "3d45e5182b5be53b66cc20d77063a02aa113417c4105e4bb51338cf28698d446"
      url: "https://pub.dev"
    source: hosted
    version: "3.3.5"
  firebase_core:
    dependency: "direct main"
    description:
      name: firebase_core
      sha256: "3be9992f97a582e1a04313e67e1ccbedb6731031a57b35f9054a94f6f19b61c5"
      url: "https://pub.dev"
    source: hosted
    version: "1.10.0"
  firebase_core_platform_interface:
    dependency: transitive
    description:
      name: firebase_core_platform_interface
      sha256: e18d9f766904bc56f76f612afed03f838c67eef792895d1f77476974899c226d
      url: "https://pub.dev"
    source: hosted
    version: "4.2.3"
  firebase_core_web:
    dependency: transitive
    description:
      name: firebase_core_web
      sha256: "809fe2671e61664488258567b38e6398b15ca1dd4b73e50f55fbfb1137c54f85"
      url: "https://pub.dev"
    source: hosted
    version: "1.5.3"
  firebase_storage:
    dependency: "direct main"
    description:
      name: firebase_storage
      sha256: "2150c36ad685320774668bbea737f01669c795aaf5188e6e4970b907919fdcb6"
      url: "https://pub.dev"
    source: hosted
    version: "10.2.4"
  firebase_storage_platform_interface:
    dependency: transitive
    description:
      name: firebase_storage_platform_interface
      sha256: fa900d1a6ab921cc3e608fd2cab46e268811da145e146453a0a41b484f30b7d5
      url: "https://pub.dev"
    source: hosted
    version: "4.0.11"
  firebase_storage_web:
    dependency: transitive
    description:
      name: firebase_storage_web
      sha256: ff4340f18dd8ae31e39119003e1bccc30037961ae3950f7a7c74d539d934f864
      url: "https://pub.dev"
    source: hosted
    version: "3.2.5"
  fixnum:
    dependency: transitive
    description:
      name: fixnum
      sha256: "6a2ef17156f4dc49684f9d99aaf4a93aba8ac49f5eac861755f5730ddf6e2e4e"
      url: "https://pub.dev"
    source: hosted
    version: "1.0.0"
  flutter:
    dependency: "direct main"
    description: flutter
    source: sdk
    version: "0.0.0"
  flutter_blurhash:
    dependency: transitive
    description:
      name: flutter_blurhash
      sha256: "3525f13a7c280886d8119d7b8cbb88918ff0542bb7c41acc5674c2be93d1f8c0"
      url: "https://pub.dev"
    source: hosted
    version: "0.6.0"
  flutter_cache_manager:
    dependency: transitive
    description:
      name: flutter_cache_manager
      sha256: "32cd900555219333326a2d0653aaaf8671264c29befa65bbd9856d204a4c9fb3"
      url: "https://pub.dev"
    source: hosted
    version: "3.3.0"
  flutter_localizations:
    dependency: "direct main"
    description: flutter
    source: sdk
    version: "0.0.0"
  flutter_parsed_text:
    dependency: transitive
    description:
      name: flutter_parsed_text
      sha256: "529cf5793b7acdf16ee0f97b158d0d4ba0bf06e7121ef180abe1a5b59e32c1e2"
      url: "https://pub.dev"
    source: hosted
    version: "2.2.1"
  flutter_plugin_android_lifecycle:
    dependency: transitive
    description:
      name: flutter_plugin_android_lifecycle
      sha256: "5c574d21b98ec92adab05ead10afd2b13ff5856c7ca79696edb338a9dd8ed387"
      url: "https://pub.dev"
    source: hosted
    version: "2.0.5"
  flutter_rating_bar:
    dependency: "direct main"
    description:
      name: flutter_rating_bar
      sha256: "2fece35ffea3fdf849e44eef35d73da0bdf1e2a8ad2b1904ec58320dda8f8488"
      url: "https://pub.dev"
    source: hosted
    version: "4.0.0"
  flutter_test:
    dependency: "direct dev"
    description: flutter
    source: sdk
    version: "0.0.0"
  flutter_web_plugins:
    dependency: transitive
    description: flutter
    source: sdk
    version: "0.0.0"
  font_awesome_flutter:
    dependency: "direct main"
    description:
      name: font_awesome_flutter
      sha256: "0225e3dd3c478f4e378120a1b3f242b725baf8bfbd8b4e0f649871a2e67bf2d9"
      url: "https://pub.dev"
    source: hosted
    version: "8.11.0"
  frontend_server_client:
    dependency: transitive
    description:
      name: frontend_server_client
      sha256: "6d2930621b9377f6a4b7d260fce525d48dd77a334f0d5d4177d07b0dcb76c032"
      url: "https://pub.dev"
    source: hosted
    version: "2.1.2"
  glob:
    dependency: transitive
    description:
      name: glob
      sha256: "8321dd2c0ab0683a91a51307fa844c6db4aa8e3981219b78961672aaab434658"
      url: "https://pub.dev"
    source: hosted
    version: "2.0.2"
  google_fonts:
    dependency: "direct main"
    description:
      name: google_fonts
      sha256: c31d49dfbcef1a84592128d2d9e8767eebf5a919ac1e6f77d14dc36790ef1639
      url: "https://pub.dev"
    source: hosted
    version: "2.1.0"
  google_sign_in:
    dependency: "direct main"
    description:
      name: google_sign_in
      sha256: "9a3a43773cb213d34c687e345614eb383a67c9a1733ec96c7cb1c8f48fb11f2e"
      url: "https://pub.dev"
    source: hosted
    version: "5.2.1"
  google_sign_in_platform_interface:
    dependency: transitive
    description:
      name: google_sign_in_platform_interface
      sha256: "2b822ddae0d81cccb865a5f268809a9c8e452591c46385b037329358c6194d7a"
      url: "https://pub.dev"
    source: hosted
    version: "2.1.0"
  google_sign_in_web:
    dependency: transitive
    description:
      name: google_sign_in_web
      sha256: "1f03380192baa90a8741e8bf50a18b985f5a7aacc6ff0a43e07ef88049b632d9"
      url: "https://pub.dev"
    source: hosted
    version: "0.10.0+3"
  graphs:
    dependency: transitive
    description:
      name: graphs
      sha256: ae0b3d956ff324c6f8671f08dcb2dbd71c99cdbf2aa3ca63a14190c47aa6679c
      url: "https://pub.dev"
    source: hosted
    version: "2.1.0"
  http:
    dependency: transitive
    description:
      name: http
      sha256: "2ed163531e071c2c6b7c659635112f24cb64ecbebf6af46b550d536c0b1aa112"
      url: "https://pub.dev"
    source: hosted
    version: "0.13.4"
  http_multi_server:
    dependency: transitive
    description:
      name: http_multi_server
      sha256: bfb651625e251a88804ad6d596af01ea903544757906addcb2dcdf088b5ea185
      url: "https://pub.dev"
    source: hosted
    version: "3.0.1"
  http_parser:
    dependency: transitive
    description:
      name: http_parser
      sha256: e362d639ba3bc07d5a71faebb98cde68c05bfbcfbbb444b60b6f60bb67719185
      url: "https://pub.dev"
    source: hosted
    version: "4.0.0"
  image_picker:
    dependency: "direct main"
    description:
      name: image_picker
      sha256: "5f29bb69658d005d4f704204f7706d71d64d38b87a4afdffe4bc786d13d8355e"
      url: "https://pub.dev"
    source: hosted
    version: "0.8.4+4"
  image_picker_for_web:
    dependency: transitive
    description:
      name: image_picker_for_web
      sha256: "324147043b5bb9032d0e187e30f6e97e50a8e8c2451ad1a9d44e6075724f4ce2"
      url: "https://pub.dev"
    source: hosted
    version: "2.1.4"
  image_picker_platform_interface:
    dependency: transitive
    description:
      name: image_picker_platform_interface
      sha256: "7f88edc438b61292a9ce4f4fc6af8cf808eaa36abd6643d5675194572714bbd8"
      url: "https://pub.dev"
    source: hosted
    version: "2.4.1"
  intl:
    dependency: "direct main"
    description:
      name: intl
      sha256: "910f85bce16fb5c6f614e117efa303e85a1731bb0081edf3604a2ae6e9a3cc91"
      url: "https://pub.dev"
    source: hosted
    version: "0.17.0"
  io:
    dependency: transitive
    description:
      name: io
      sha256: "0d4c73c3653ab85bf696d51a9657604c900a370549196a91f33e4c39af760852"
      url: "https://pub.dev"
    source: hosted
    version: "1.0.3"
  js:
    dependency: transitive
    description:
      name: js
      sha256: "5528c2f391ededb7775ec1daa69e65a2d61276f7552de2b5f7b8d34ee9fd4ab7"
      url: "https://pub.dev"
    source: hosted
    version: "0.6.5"
  json_annotation:
    dependency: transitive
    description:
      name: json_annotation
      sha256: "0aa7409f6c82acfab96853b8b0c7503de49918cbe705a57cfdeb477756b4521b"
      url: "https://pub.dev"
    source: hosted
    version: "4.1.0"
  json_path:
    dependency: "direct main"
    description:
      name: json_path
      sha256: "6da9340741af3c2d32c21fee8180910e056b36366da121297f2141632967b9c2"
      url: "https://pub.dev"
    source: hosted
    version: "0.2.1"
  json_serializable:
    dependency: "direct main"
    description:
      name: json_serializable
      sha256: "86d3edf6914d6562ed4c7d9288239fbf1a9ee3c498ed0089a535c0d3703bb323"
      url: "https://pub.dev"
    source: hosted
    version: "4.1.4"
  logging:
    dependency: transitive
    description:
      name: logging
      sha256: "293ae2d49fd79d4c04944c3a26dfd313382d5f52e821ec57119230ae16031ad4"
      url: "https://pub.dev"
    source: hosted
    version: "1.0.2"
  lottie:
    dependency: "direct main"
    description:
      name: lottie
      sha256: "7136f053f6d5a04dada7abab9a6cec667a78cc1a6ec37e32d82f20152ab2ecdb"
      url: "https://pub.dev"
    source: hosted
    version: "1.2.1"
  matcher:
    dependency: transitive
    description:
      name: matcher
      sha256: "16db949ceee371e9b99d22f88fa3a73c4e59fd0afed0bd25fc336eb76c198b72"
      url: "https://pub.dev"
    source: hosted
    version: "0.12.13"
  material_color_utilities:
    dependency: transitive
    description:
      name: material_color_utilities
      sha256: d92141dc6fe1dad30722f9aa826c7fbc896d021d792f80678280601aff8cf724
      url: "https://pub.dev"
    source: hosted
    version: "0.2.0"
  meta:
    dependency: transitive
    description:
      name: meta
      sha256: "6c268b42ed578a53088d834796959e4a1814b5e9e164f147f580a386e5decf42"
      url: "https://pub.dev"
    source: hosted
    version: "1.8.0"
  mime:
    dependency: transitive
    description:
      name: mime
      sha256: fd5f81041e6a9fc9b9d7fa2cb8a01123f9f5d5d49136e06cb9dc7d33689529f4
      url: "https://pub.dev"
    source: hosted
    version: "1.0.1"
  mime_type:
    dependency: "direct main"
    description:
      name: mime_type
      sha256: "2ad6e67d3d2de9ac0f8ef5352d998fd103cb21351ae8c02fb0c78b079b37d275"
      url: "https://pub.dev"
    source: hosted
    version: "1.0.0"
  octo_image:
    dependency: transitive
    description:
      name: octo_image
      sha256: a4d69f0677d742a5c76b26430aeae9420656226f8b6add0f3d9a7c6309f35012
      url: "https://pub.dev"
    source: hosted
    version: "1.0.1"
  package_config:
    dependency: transitive
    description:
      name: package_config
      sha256: a4d5ede5ca9c3d88a2fef1147a078570c861714c806485c596b109819135bc12
      url: "https://pub.dev"
    source: hosted
    version: "2.0.2"
  page_transition:
    dependency: "direct main"
    description:
      name: page_transition
      sha256: "12776be3ffb2d080095e912fc4e820a85be8846913a93261148b75256b9c7691"
      url: "https://pub.dev"
    source: hosted
    version: "2.0.4"
  path:
    dependency: transitive
    description:
      name: path
      sha256: db9d4f58c908a4ba5953fcee2ae317c94889433e5024c27ce74a37f94267945b
      url: "https://pub.dev"
    source: hosted
    version: "1.8.2"
  path_provider:
    dependency: transitive
    description:
      name: path_provider
      sha256: db1cf6c3f906f50d52c18400be575f75ed620f8717f9b6d11263edd95080dfc6
      url: "https://pub.dev"
    source: hosted
    version: "2.0.8"
  path_provider_android:
    dependency: transitive
    description:
      name: path_provider_android
      sha256: c69109bae02c6116bd8ac81319b13eb73dfae02ef74690d2a1a98c1ddd3aaefc
      url: "https://pub.dev"
    source: hosted
    version: "2.0.11"
  path_provider_ios:
    dependency: transitive
    description:
      name: path_provider_ios
      sha256: "038d0141ff5d08c60ed071eee2758b68c50c42a1c10066a1fb6c28ab32fac84c"
      url: "https://pub.dev"
    source: hosted
    version: "2.0.7"
  path_provider_linux:
    dependency: transitive
    description:
      name: path_provider_linux
      sha256: e46142796f3f4a8b921443b18e77299317af710dabba4a466cf84039742e9be1
      url: "https://pub.dev"
    source: hosted
    version: "2.1.4"
  path_provider_macos:
    dependency: transitive
    description:
      name: path_provider_macos
      sha256: "96c359ca47dfb7d0154fddcd47e251c00355c0eb647825af28b91ab16f8d7d83"
      url: "https://pub.dev"
    source: hosted
    version: "2.0.4"
  path_provider_platform_interface:
    dependency: transitive
    description:
      name: path_provider_platform_interface
      sha256: c2af5a8a6369992d915f8933dfc23172071001359d17896e83db8be57db8a397
      url: "https://pub.dev"
    source: hosted
    version: "2.0.1"
  path_provider_windows:
    dependency: transitive
    description:
      name: path_provider_windows
      sha256: "74056f334c58bd6db429ba93164e872a1996c8196b3132a100c40924b2672abf"
      url: "https://pub.dev"
    source: hosted
    version: "2.0.4"
  pedantic:
    dependency: transitive
    description:
      name: pedantic
      sha256: "67fc27ed9639506c856c840ccce7594d0bdcd91bc8d53d6e52359449a1d50602"
      url: "https://pub.dev"
    source: hosted
    version: "1.11.1"
  platform:
    dependency: transitive
    description:
      name: platform
      sha256: "4a451831508d7d6ca779f7ac6e212b4023dd5a7d08a27a63da33756410e32b76"
      url: "https://pub.dev"
    source: hosted
    version: "3.1.0"
  plugin_platform_interface:
    dependency: transitive
    description:
      name: plugin_platform_interface
      sha256: f843e0027496f0d841166707029237a0bef39cfc0c79b93b1bb1a10beae73244
      url: "https://pub.dev"
    source: hosted
    version: "2.0.2"
  pool:
    dependency: transitive
    description:
      name: pool
      sha256: "05955e3de2683e1746222efd14b775df7131139e07695dc8e24650f6b4204504"
      url: "https://pub.dev"
    source: hosted
    version: "1.5.0"
  process:
    dependency: transitive
    description:
      name: process
      sha256: "53fd8db9cec1d37b0574e12f07520d582019cb6c44abf5479a01505099a34a09"
      url: "https://pub.dev"
    source: hosted
    version: "4.2.4"
  pub_semver:
    dependency: transitive
    description:
      name: pub_semver
      sha256: b5a5fcc6425ea43704852ba4453ba94b08c2226c63418a260240c3a054579014
      url: "https://pub.dev"
    source: hosted
    version: "2.1.0"
  pubspec_parse:
    dependency: transitive
    description:
      name: pubspec_parse
      sha256: "0e01f805457ef610ccaf8d18067596afc34107a27149778b06b2083edbc140c1"
      url: "https://pub.dev"
    source: hosted
    version: "1.1.0"
  quiver:
    dependency: transitive
    description:
      name: quiver
      sha256: "616b691d1c8f5c53b7b39ce3542f6a25308d7900bf689d0210e72a644a10387e"
      url: "https://pub.dev"
    source: hosted
    version: "3.0.1+1"
  rxdart:
    dependency: "direct main"
    description:
      name: rxdart
      sha256: "2ef8b4e91cb3b55d155e0e34eeae0ac7107974e451495c955ac04ddee8cc21fd"
      url: "https://pub.dev"
    source: hosted
    version: "0.26.0"
  shelf:
    dependency: transitive
    description:
      name: shelf
      sha256: c240984c924796e055e831a0a36db23be8cb04f170b26df572931ab36418421d
      url: "https://pub.dev"
    source: hosted
    version: "1.2.0"
  shelf_web_socket:
    dependency: transitive
    description:
      name: shelf_web_socket
      sha256: fd84910bf7d58db109082edf7326b75322b8f186162028482f53dc892f00332d
      url: "https://pub.dev"
    source: hosted
    version: "1.0.1"
  sign_in_with_apple:
    dependency: "direct main"
    description:
      name: sign_in_with_apple
      sha256: "54791280a9b4c233c3a85027c936690f77e2406fd0ffd6e1e0ac92338448d6b5"
      url: "https://pub.dev"
    source: hosted
    version: "3.3.0"
  sign_in_with_apple_platform_interface:
    dependency: transitive
    description:
      name: sign_in_with_apple_platform_interface
      sha256: a5883edee09ed6be19de19e7d9f618a617fe41a6fa03f76d082dfb787e9ea18d
      url: "https://pub.dev"
    source: hosted
    version: "1.0.0"
  sign_in_with_apple_web:
    dependency: transitive
    description:
      name: sign_in_with_apple_web
      sha256: "44b66528f576e77847c14999d5e881e17e7223b7b0625a185417829e5306f47a"
      url: "https://pub.dev"
    source: hosted
    version: "1.0.1"
  sky_engine:
    dependency: transitive
    description: flutter
    source: sdk
    version: "0.0.99"
  source_gen:
    dependency: transitive
    description:
      name: source_gen
      sha256: ffb7124eb6752de71e87a122cc50a8a191044add69fd990d76958bc38ee552fd
      url: "https://pub.dev"
    source: hosted
    version: "1.0.3"
  source_span:
    dependency: transitive
    description:
      name: source_span
      sha256: dd904f795d4b4f3b870833847c461801f6750a9fa8e61ea5ac53f9422b31f250
      url: "https://pub.dev"
    source: hosted
    version: "1.9.1"
  sqflite:
    dependency: transitive
    description:
      name: sqflite
      sha256: "5e2704b28b59e66d0d3c63ccc27704263926f81d5b62d330652955b7d80a38fb"
      url: "https://pub.dev"
    source: hosted
    version: "2.0.1"
  sqflite_common:
    dependency: transitive
    description:
      name: sqflite_common
      sha256: "75e99c238f22152669c39e02a3cdcf78515d11856a8a78e0136452943404d9bd"
      url: "https://pub.dev"
    source: hosted
    version: "2.0.1+1"
  stack_trace:
    dependency: transitive
    description:
      name: stack_trace
      sha256: c3c7d8edb15bee7f0f74debd4b9c5f3c2ea86766fe4178eb2a18eb30a0bdaed5
      url: "https://pub.dev"
    source: hosted
    version: "1.11.0"
  stream_channel:
    dependency: transitive
    description:
      name: stream_channel
      sha256: "83615bee9045c1d322bbbd1ba209b7a749c2cbcdcb3fdd1df8eb488b3279c1c8"
      url: "https://pub.dev"
    source: hosted
    version: "2.1.1"
  stream_transform:
    dependency: transitive
    description:
      name: stream_transform
      sha256: ed464977cb26a1f41537e177e190c67223dbd9f4f683489b6ab2e5d211ec564e
      url: "https://pub.dev"
    source: hosted
    version: "2.0.0"
  string_scanner:
    dependency: transitive
    description:
      name: string_scanner
      sha256: "556692adab6cfa87322a115640c11f13cb77b3f076ddcc5d6ae3c20242bedcde"
      url: "https://pub.dev"
    source: hosted
    version: "1.2.0"
  syncfusion_flutter_calendar:
    dependency: "direct main"
    description:
      name: syncfusion_flutter_calendar
      sha256: "26d6e16f7dcd1c932da5867926d7443b2a70d2850f4edecba33526987a5171fa"
      url: "https://pub.dev"
    source: hosted
    version: "19.4.41"
  syncfusion_flutter_core:
    dependency: transitive
    description:
      name: syncfusion_flutter_core
      sha256: fe0e9d61404fe8d90a3faf9f460ff05d5c6a50901a7a4f85b6e2ff6610f8b080
      url: "https://pub.dev"
    source: hosted
    version: "19.4.41"
  syncfusion_flutter_datepicker:
    dependency: transitive
    description:
      name: syncfusion_flutter_datepicker
      sha256: "2eaa658a65d2942f2d45ead1a1cb2291ba409175c6c1108615bdb16a131c00d8"
      url: "https://pub.dev"
    source: hosted
    version: "19.4.41"
  synchronized:
    dependency: transitive
    description:
      name: synchronized
      sha256: "271977ff1e9e82ceefb4f08424b8839f577c1852e0726b5ce855311b46d3ef83"
      url: "https://pub.dev"
    source: hosted
    version: "3.0.0"
  term_glyph:
    dependency: transitive
    description:
      name: term_glyph
      sha256: a29248a84fbb7c79282b40b8c72a1209db169a2e0542bce341da992fe1bc7e84
      url: "https://pub.dev"
    source: hosted
    version: "1.2.1"
  test_api:
    dependency: transitive
    description:
      name: test_api
      sha256: ad540f65f92caa91bf21dfc8ffb8c589d6e4dc0c2267818b4cc2792857706206
      url: "https://pub.dev"
    source: hosted
    version: "0.4.16"
  timeago:
    dependency: "direct main"
    description:
      name: timeago
      sha256: "44002263fcbcd309162a87dcbb859477574b5d1555191a22b7201b3f14204924"
      url: "https://pub.dev"
    source: hosted
    version: "3.1.0"
  timezone:
    dependency: transitive
    description:
      name: timezone
      sha256: "57b35f6e8ef731f18529695bffc62f92c6189fac2e52c12d478dec1931afb66e"
      url: "https://pub.dev"
    source: hosted
    version: "0.8.0"
  timing:
    dependency: transitive
    description:
      name: timing
      sha256: c386d07d7f5efc613479a7c4d9d64b03710b03cfaa7e8ad5f2bfb295a1f0dfad
      url: "https://pub.dev"
    source: hosted
    version: "1.0.0"
  transparent_image:
    dependency: transitive
    description:
      name: transparent_image
      sha256: e566a616922a781489f4d91cc939b1b3203b6e4a093317805f2f82f0bb0f8dec
      url: "https://pub.dev"
    source: hosted
    version: "2.0.0"
  typed_data:
    dependency: transitive
    description:
      name: typed_data
      sha256: "53bdf7e979cfbf3e28987552fd72f637e63f3c8724c9e56d9246942dc2fa36ee"
      url: "https://pub.dev"
    source: hosted
    version: "1.3.0"
  url_launcher:
    dependency: "direct main"
    description:
      name: url_launcher
      sha256: d5f8de4cdbc418a19c8be06929d0ef892e67154ce52d5ce117760d7b87df1dd4
      url: "https://pub.dev"
    source: hosted
    version: "6.0.15"
  url_launcher_linux:
    dependency: transitive
    description:
      name: url_launcher_linux
      sha256: "762a15bd1be2e910e073539bb65e59c2d5cb35aff2730657d771bef78d7be20b"
      url: "https://pub.dev"
    source: hosted
    version: "2.0.2"
  url_launcher_macos:
    dependency: transitive
    description:
      name: url_launcher_macos
      sha256: c116ae76b578e0403c2c65630715c0c81a79ef22a11ff9192674b5233be88735
      url: "https://pub.dev"
    source: hosted
    version: "2.0.2"
  url_launcher_platform_interface:
    dependency: transitive
    description:
      name: url_launcher_platform_interface
      sha256: a4acd1aed57444bd4693768559a891cbb3168dbf0b992d0d5b5b5619ab371aed
      url: "https://pub.dev"
    source: hosted
    version: "2.0.4"
  url_launcher_web:
    dependency: transitive
    description:
      name: url_launcher_web
      sha256: "53be6a00d372851ce2dafc2897996747069fc82b8b8a59a43605b6516881862a"
      url: "https://pub.dev"
    source: hosted
    version: "2.0.5"
  url_launcher_windows:
    dependency: transitive
    description:
      name: url_launcher_windows
      sha256: "4e24aac2a2960fb9a70a07992e1ba69cb99fbcee48fdf17abe280ce867bfcea2"
      url: "https://pub.dev"
    source: hosted
    version: "2.0.2"
  uuid:
    dependency: transitive
    description:
      name: uuid
      sha256: "00ba1241ff12e77d8059eeb1f102b35235df01661a6110afd165ab52a0fc7714"
      url: "https://pub.dev"
    source: hosted
    version: "3.0.5"
  vector_math:
    dependency: transitive
    description:
      name: vector_math
      sha256: "80b3257d1492ce4d091729e3a67a60407d227c27241d6927be0130c98e741803"
      url: "https://pub.dev"
    source: hosted
    version: "2.1.4"
  watcher:
    dependency: transitive
    description:
      name: watcher
      sha256: e42dfcc48f67618344da967b10f62de57e04bae01d9d3af4c2596f3712a88c99
      url: "https://pub.dev"
    source: hosted
    version: "1.0.1"
  web_socket_channel:
    dependency: transitive
    description:
      name: web_socket_channel
      sha256: "0c2ada1b1aeb2ad031ca81872add6be049b8cb479262c6ad3c4b0f9c24eaab2f"
      url: "https://pub.dev"
    source: hosted
    version: "2.1.0"
  win32:
    dependency: transitive
    description:
      name: win32
      sha256: b5e8617835083bef10ed209288a540859f33863b0db367870923ed66a51e4e40
      url: "https://pub.dev"
    source: hosted
    version: "2.3.3"
  xdg_directories:
    dependency: transitive
    description:
      name: xdg_directories
      sha256: "0186b3f2d66be9a12b0295bddcf8b6f8c0b0cc2f85c6287344e2a6366bc28457"
      url: "https://pub.dev"
    source: hosted
    version: "0.2.0"
  yaml:
    dependency: transitive
    description:
      name: yaml
      sha256: "3cee79b1715110341012d27756d9bae38e650588acd38d3f3c610822e1337ace"
      url: "https://pub.dev"
    source: hosted
    version: "3.1.0"
sdks:
  dart: ">=2.18.0 <3.0.0"
  flutter: ">=2.5.0"
